
Microsoft Visual Studio Solution File, Format Version 12.00
# Visual Studio Version 17
VisualStudioVersion = 17.10.35027.167
MinimumVisualStudioVersion = 10.0.40219.1
Project("{2150E333-8FDC-42A3-9474-1A3956D46DE8}") = "Services", "Services", "{AEC78D14-7042-4D78-AA76-8B5CBC14D530}"
EndProject
Project("{2150E333-8FDC-42A3-9474-1A3956D46DE8}") = "WebClient", "WebClient", "{C98678D4-DB55-46BF-BA44-4355FA0FA330}"
EndProject
Project("{54A90642-561A-4BB1-A94E-469ADEE60C69}") = "mssql.client", "src\WebClient\mssql.client\mssql.client.esproj", "{C95782CB-F726-405F-BE3E-E56A2509D770}"
	ProjectSection(ProjectDependencies) = postProject
		{CA23AB6C-3B94-4B59-AB36-1ED9796A1BAE} = {CA23AB6C-3B94-4B59-AB36-1ED9796A1BAE}
	EndProjectSection
EndProject
Project("{2150E333-8FDC-42A3-9474-1A3956D46DE8}") = "Tools", "Tools", "{07A93C82-7CAB-4CC1-AF4A-BD5D599F0DC0}"
	ProjectSection(SolutionItems) = preProject
		src\Tools\Redis-x64-5.0.14.1.msi = src\Tools\Redis-x64-5.0.14.1.msi
	EndProjectSection
EndProject
Project("{9A19103F-16F7-4668-BE54-9A1E7A4F7556}") = "API", "src\Services\API\API.csproj", "{CA23AB6C-3B94-4B59-AB36-1ED9796A1BAE}"
EndProject
Global
	GlobalSection(SolutionConfigurationPlatforms) = preSolution
		Debug|Any CPU = Debug|Any CPU
		Release|Any CPU = Release|Any CPU
	EndGlobalSection
	GlobalSection(ProjectConfigurationPlatforms) = postSolution
		{C95782CB-F726-405F-BE3E-E56A2509D770}.Debug|Any CPU.ActiveCfg = Debug|Any CPU
		{C95782CB-F726-405F-BE3E-E56A2509D770}.Debug|Any CPU.Build.0 = Debug|Any CPU
		{C95782CB-F726-405F-BE3E-E56A2509D770}.Debug|Any CPU.Deploy.0 = Debug|Any CPU
		{C95782CB-F726-405F-BE3E-E56A2509D770}.Release|Any CPU.ActiveCfg = Release|Any CPU
		{C95782CB-F726-405F-BE3E-E56A2509D770}.Release|Any CPU.Build.0 = Release|Any CPU
		{C95782CB-F726-405F-BE3E-E56A2509D770}.Release|Any CPU.Deploy.0 = Release|Any CPU
		{CA23AB6C-3B94-4B59-AB36-1ED9796A1BAE}.Debug|Any CPU.ActiveCfg = Debug|Any CPU
		{CA23AB6C-3B94-4B59-AB36-1ED9796A1BAE}.Debug|Any CPU.Build.0 = Debug|Any CPU
		{CA23AB6C-3B94-4B59-AB36-1ED9796A1BAE}.Release|Any CPU.ActiveCfg = Release|Any CPU
		{CA23AB6C-3B94-4B59-AB36-1ED9796A1BAE}.Release|Any CPU.Build.0 = Release|Any CPU
	EndGlobalSection
	GlobalSection(SolutionProperties) = preSolution
		HideSolutionNode = FALSE
	EndGlobalSection
	GlobalSection(NestedProjects) = preSolution
		{C95782CB-F726-405F-BE3E-E56A2509D770} = {C98678D4-DB55-46BF-BA44-4355FA0FA330}
		{CA23AB6C-3B94-4B59-AB36-1ED9796A1BAE} = {AEC78D14-7042-4D78-AA76-8B5CBC14D530}
	EndGlobalSection
	GlobalSection(ExtensibilityGlobals) = postSolution
		SolutionGuid = {662B3AF6-7AFE-411A-80DA-5B4C5048B71F}
	EndGlobalSection
EndGlobal
